#
# This file is autogenerated by pip-compile with Python 3.14
# by the following command:
#
#    pip-compile --output-file=requirements.lock requirements.in
#
aioboto3==12.3.0
    # via -r requirements.in
aiobotocore[boto3]==2.11.2
    # via aioboto3
aiohappyeyeballs==2.6.2
    # via aiohttp
aiohttp==3.14.1
    # via
    #   aiobotocore
    #   modal
aioitertools==0.13.0
    # via aiobotocore
aiosignal==1.4.0
    # via aiohttp
alembic==1.16.2
    # via -r requirements.in
amqp==5.3.1
    # via kombu
annotated-doc==0.0.4
    # via fastapi
annotated-types==0.7.0
    # via pydantic
anyio==4.13.0
    # via
    #   httpx
    #   starlette
    #   watchfiles
argon2-cffi==25.1.0
    # via minio
argon2-cffi-bindings==25.1.0
    # via argon2-cffi
asyncpg==0.30.0
    # via -r requirements.in
attrs==26.1.0
    # via aiohttp
billiard==4.2.4
    # via celery
boto3==1.34.0
    # via
    #   -r requirements.in
    #   aiobotocore
botocore==1.34.34
    # via
    #   aiobotocore
    #   boto3
    #   s3transfer
cbor2==6.1.2
    # via modal
celery==5.6.3
    # via -r requirements.in
certifi==2026.5.20
    # via
    #   httpcore
    #   httpx
    #   minio
    #   modal
cffi==2.0.0
    # via argon2-cffi-bindings
click==8.4.1
    # via
    #   celery
    #   click-didyoumean
    #   click-plugins
    #   click-repl
    #   modal
    #   uvicorn
click-didyoumean==0.3.1
    # via celery
click-plugins==1.1.1.2
    # via celery
click-repl==0.3.0
    # via celery
deprecated==1.3.1
    # via limits
fastapi==0.128.0
    # via -r requirements.in
frozenlist==1.8.0
    # via
    #   aiohttp
    #   aiosignal
greenlet==3.5.1
    # via sqlalchemy
grpclib==0.4.9
    # via modal
h11==0.16.0
    # via
    #   httpcore
    #   uvicorn
h2==4.3.0
    # via grpclib
hpack==4.1.0
    # via h2
httpcore==1.0.9
    # via httpx
httpx==0.28.1
    # via -r requirements.in
hyperframe==6.1.0
    # via h2
idna==3.18
    # via
    #   anyio
    #   httpx
    #   yarl
jinja2==3.1.6
    # via -r requirements.in
jmespath==1.1.0
    # via
    #   boto3
    #   botocore
kombu==5.6.2
    # via celery
limits==5.8.0
    # via slowapi
mako==1.3.12
    # via alembic
markdown-it-py==4.2.0
    # via rich
markupsafe==3.0.3
    # via
    #   jinja2
    #   mako
mdurl==0.1.2
    # via markdown-it-py
minio==7.2.16
    # via -r requirements.in
modal==1.5.0
    # via -r requirements.in
multidict==6.7.1
    # via
    #   aiohttp
    #   grpclib
    #   yarl
osrparse==7.0.1
    # via -r requirements.in
packaging==26.2
    # via
    #   kombu
    #   limits
prometheus-client==0.20.0
    # via
    #   -r requirements.in
    #   prometheus-fastapi-instrumentator
prometheus-fastapi-instrumentator==7.0.0
    # via -r requirements.in
prompt-toolkit==3.0.52
    # via click-repl
propcache==0.5.2
    # via
    #   aiohttp
    #   yarl
protobuf==6.33.6
    # via modal
psycopg2-binary==2.9.10
    # via -r requirements.in
pycparser==3.0
    # via cffi
pycryptodome==3.23.0
    # via minio
pydantic==2.12.5
    # via
    #   -r requirements.in
    #   fastapi
    #   pydantic-settings
pydantic-core==2.41.5
    # via pydantic
pydantic-settings==2.9.1
    # via -r requirements.in
pygments==2.20.0
    # via rich
pyjwt==2.9.0
    # via redis
python-dateutil==2.9.0.post0
    # via
    #   botocore
    #   celery
python-dotenv==1.2.2
    # via pydantic-settings
python-multipart==0.0.21
    # via -r requirements.in
redis==5.3.0
    # via -r requirements.in
rich==15.0.0
    # via modal
s3transfer==0.9.0
    # via boto3
six==1.17.0
    # via python-dateutil
slowapi==0.1.9
    # via -r requirements.in
sqlalchemy[asyncio]==2.0.41
    # via
    #   -r requirements.in
    #   alembic
starlette==0.50.0
    # via
    #   fastapi
    #   prometheus-fastapi-instrumentator
synchronicity==0.12.3
    # via modal
toml==0.10.2
    # via modal
types-certifi==2021.10.8.3
    # via modal
types-toml==0.10.8.20260518
    # via modal
typing-extensions==4.15.0
    # via
    #   alembic
    #   fastapi
    #   limits
    #   minio
    #   modal
    #   pydantic
    #   pydantic-core
    #   sqlalchemy
    #   synchronicity
    #   typing-inspection
typing-inspection==0.4.2
    # via
    #   pydantic
    #   pydantic-settings
tzdata==2026.2
    # via kombu
tzlocal==5.3.1
    # via celery
urllib3==2.0.7
    # via
    #   botocore
    #   minio
uvicorn==0.40.0
    # via -r requirements.in
vine==5.1.0
    # via
    #   amqp
    #   celery
    #   kombu
watchfiles==1.2.0
    # via modal
wcwidth==0.8.1
    # via prompt-toolkit
wrapt==1.17.3
    # via
    #   aiobotocore
    #   deprecated
yarl==1.24.2
    # via aiohttp
